<?xml version="1.0" encoding="utf-8"?>
<Project ToolsVersion="4.0" xmlns="http://schemas.microsoft.com/developer/msbuild/2003">
  <ItemGroup>
    <ClInclude Include="pch.h">
      <Filter>Default</Filter>
    </ClInclude>
    <ClInclude Include="framework.h">
      <Filter>Default</Filter>
    </ClInclude>
    <ClInclude Include="CScriptMgr.h">
      <Filter>ScriptMgr</Filter>
    </ClInclude>
    <ClInclude Include="CGameCameraScript.h">
      <Filter>Script</Filter>
    </ClInclude>
    <ClInclude Include="CTestScript.h">
      <Filter>Script</Filter>
    </ClInclude>
    <ClInclude Include="CBlockScript.h">
      <Filter>Script\Block</Filter>
    </ClInclude>
    <ClInclude Include="CUnitScript.h">
      <Filter>Script\Unit</Filter>
    </ClInclude>
    <ClInclude Include="CControllerScript.h">
      <Filter>Script\Unit\Player</Filter>
    </ClInclude>
    <ClInclude Include="CPlayerScript.h">
      <Filter>Script\Unit\Player</Filter>
    </ClInclude>
  </ItemGroup>
  <ItemGroup>
    <ClCompile Include="Script.cpp">
      <Filter>Default</Filter>
    </ClCompile>
    <ClCompile Include="pch.cpp">
      <Filter>Default</Filter>
    </ClCompile>
    <ClCompile Include="CScriptMgr.cpp">
      <Filter>ScriptMgr</Filter>
    </ClCompile>
    <ClCompile Include="CGameCameraScript.cpp">
      <Filter>Script</Filter>
    </ClCompile>
    <ClCompile Include="CTestScript.cpp">
      <Filter>Script</Filter>
    </ClCompile>
    <ClCompile Include="CBlockScript.cpp">
      <Filter>Script\Block</Filter>
    </ClCompile>
    <ClCompile Include="CUnitScript.cpp">
      <Filter>Script\Unit</Filter>
    </ClCompile>
    <ClCompile Include="CControllerScript.cpp">
      <Filter>Script\Unit\Player</Filter>
    </ClCompile>
    <ClCompile Include="CPlayerScript.cpp">
      <Filter>Script\Unit\Player</Filter>
    </ClCompile>
  </ItemGroup>
  <ItemGroup>
    <Filter Include="Default">
      <UniqueIdentifier>{52fdada1-2761-4c3a-bf30-6e2de271e66a}</UniqueIdentifier>
    </Filter>
    <Filter Include="Script">
      <UniqueIdentifier>{d93064c6-3984-44a5-bf91-b2f0342f4d1e}</UniqueIdentifier>
    </Filter>
    <Filter Include="ScriptMgr">
      <UniqueIdentifier>{a4cd9dab-2e89-4297-b684-5e7d5c008792}</UniqueIdentifier>
    </Filter>
    <Filter Include="Script\Unit">
      <UniqueIdentifier>{df8df9d0-f36b-413e-bc20-3ac43daa9528}</UniqueIdentifier>
    </Filter>
    <Filter Include="Script\Block">
      <UniqueIdentifier>{ff7397d0-bcce-490c-8d9d-8af4cafa5ba7}</UniqueIdentifier>
    </Filter>
    <Filter Include="Script\Unit\Player">
      <UniqueIdentifier>{67411690-bbea-47ae-b428-a5d745da7ea4}</UniqueIdentifier>
    </Filter>
    <Filter Include="Script\Unit\Enemy">
      <UniqueIdentifier>{41ae44eb-f60c-40f8-80ec-ee86c75cf94b}</UniqueIdentifier>
    </Filter>
  </ItemGroup>
</Project>